// !$*UTF8*$!
{
	archiveVersion = 1;
	classes = {
	};
	objectVersion = 50;
	objects = {

/* Begin PBXBuildFile section */
		FE652B3921D5E40C00AA2AAE /* Concentration.swift in Sources */ = {isa = PBXBuildFile; fileRef = FE652B3821D5E40C00AA2AAE /* Concentration.swift */; };
		FE652B3B21D5E52E00AA2AAE /* Card.swift in Sources */ = {isa = PBXBuildFile; fileRef = FE652B3A21D5E52E00AA2AAE /* Card.swift */; };
		FE7A4DF421D49A1700EC632A /* AppDelegate.swift in Sources */ = {isa = PBXBuildFile; fileRef = FE7A4DF321D49A1700EC632A /* AppDelegate.swift */; };
		FE7A4DF621D49A1700EC632A /* ViewController.swift in Sources */ = {isa = PBXBuildFile; fileRef = FE7A4DF521D49A1700EC632A /* ViewController.swift */; };
		FE7A4DF921D49A1700EC632A /* Main.storyboard in Resources */ = {isa = PBXBuildFile; fileRef = FE7A4DF721D49A1700EC632A /* Main.storyboard */; };
		FE7A4DFB21D49A1900EC632A /* Assets.xcassets in Resources */ = {isa = PBXBuildFile; fileRef = FE7A4DFA21D49A1900EC632A /* Assets.xcassets */; };
		FE7A4DFE21D49A1900EC632A /* LaunchScreen.storyboard in Resources */ = {isa = PBXBuildFile; fileRef = FE7A4DFC21D49A1900EC632A /* LaunchScreen.storyboard */; };
		FE7A4E0921D49A1A00EC632A /* ConcentrationTests.swift in Sources */ = {isa = PBXBuildFile; fileRef = FE7A4E0821D49A1A00EC632A /* ConcentrationTests.swift */; };
		FE7A4E1421D49A1A00EC632A /* ConcentrationUITests.swift in Sources */ = {isa = PBXBuildFile; fileRef = FE7A4E1321D49A1A00EC632A /* ConcentrationUITests.swift */; };
/* End PBXBuildFile section */

/* Begin PBXContainerItemProxy section */
		FE7A4E0521D49A1A00EC632A /* PBXContainerItemProxy */ = {
			isa = PBXContainerItemProxy;
			containerPortal = FE7A4DE821D49A1700EC632A /* Project object */;
			proxyType = 1;
			remoteGlobalIDString = FE7A4DEF21D49A1700EC632A;
			remoteInfo = Concentration;
		};
		FE7A4E1021D49A1A00EC632A /* PBXContainerItemProxy */ = {
			isa = PBXContainerItemProxy;
			containerPortal = FE7A4DE821D49A1700EC632A /* Project object */;
			proxyType = 1;
			remoteGlobalIDString = FE7A4DEF21D49A1700EC632A;
			remoteInfo = Concentration;
		};
/* End PBXContainerItemProxy section */

/* Begin PBXFileReference section */
		FE652B3821D5E40C00AA2AAE /* Concentration.swift */ = {isa = PBXFileReference; lastKnownFileType = sourcecode.swift; path = Concentration.swift; sourceTree = "<group>"; };
		FE652B3A21D5E52E00AA2AAE /* Card.swift */ = {isa = PBXFileReference; lastKnownFileType = sourcecode.swift; path = Card.swift; sourceTree = "<group>"; };
		FE7A4DF021D49A1700EC632A /* Concentration.app */ = {isa = PBXFileReference; explicitFileType = wrapper.application; includeInIndex = 0; path = Concentration.app; sourceTree = BUILT_PRODUCTS_DIR; };
		FE7A4DF321D49A1700EC632A /* AppDelegate.swift */ = {isa = PBXFileReference; lastKnownFileType = sourcecode.swift; path = AppDelegate.swift; sourceTree = "<group>"; };
		FE7A4DF521D49A1700EC632A /* ViewController.swift */ = {isa = PBXFileReference; lastKnownFileType = sourcecode.swift; path = ViewController.swift; sourceTree = "<group>"; };
		FE7A4DF821D49A1700EC632A /* Base */ = {isa = PBXFileReference; lastKnownFileType = file.storyboard; name = Base; path = Base.lproj/Main.storyboard; sourceTree = "<group>"; };
		FE7A4DFA21D49A1900EC632A /* Assets.xcassets */ = {isa = PBXFileReference; lastKnownFileType = folder.assetcatalog; path = Assets.xcassets; sourceTree = "<group>"; };
		FE7A4DFD21D49A1900EC632A /* Base */ = {isa = PBXFileReference; lastKnownFileType = file.storyboard; name = Base; path = Base.lproj/LaunchScreen.storyboard; sourceTree = "<group>"; };
		FE7A4DFF21D49A1900EC632A /* Info.plist */ = {isa = PBXFileReference; lastKnownFileType = text.plist.xml; path = Info.plist; sourceTree = "<group>"; };
		FE7A4E0421D49A1A00EC632A /* ConcentrationTests.xctest */ = {isa = PBXFileReference; explicitFileType = wrapper.cfbundle; includeInIndex = 0; path = ConcentrationTests.xctest; sourceTree = BUILT_PRODUCTS_DIR; };
		FE7A4E0821D49A1A00EC632A /* ConcentrationTests.swift */ = {isa = PBXFileReference; lastKnownFileType = sourcecode.swift; path = ConcentrationTests.swift; sourceTree = "<group>"; };
		FE7A4E0A21D49A1A00EC632A /* Info.plist */ = {isa = PBXFileReference; lastKnownFileType = text.plist.xml; path = Info.plist; sourceTree = "<group>"; };
		FE7A4E0F21D49A1A00EC632A /* ConcentrationUITests.xctest */ = {isa = PBXFileReference; explicitFileType = wrapper.cfbundle; includeInIndex = 0; path = ConcentrationUITests.xctest; sourceTree = BUILT_PRODUCTS_DIR; };
		FE7A4E1321D49A1A00EC632A /* ConcentrationUITests.swift */ = {isa = PBXFileReference; lastKnownFileType = sourcecode.swift; path = ConcentrationUITests.swift; sourceTree = "<group>"; };
		FE7A4E1521D49A1A00EC632A /* Info.plist */ = {isa = PBXFileReference; lastKnownFileType = text.plist.xml; path = Info.plist; sourceTree = "<group>"; };
/* End PBXFileReference section */

/* Begin PBXFrameworksBuildPhase section */
		FE7A4DED21D49A1700EC632A /* Frameworks */ = {
			isa = PBXFrameworksBuildPhase;
			buildActionMask = 2147483647;
			files = (
			);
			runOnlyForDeploymentPostprocessing = 0;
		};
		FE7A4E0121D49A1A00EC632A /* Frameworks */ = {
			isa = PBXFrameworksBuildPhase;
			buildActionMask = 2147483647;
			files = (
			);
			runOnlyForDeploymentPostprocessing = 0;
		};
		FE7A4E0C21D49A1A00EC632A /* Frameworks */ = {
			isa = PBXFrameworksBuildPhase;
			buildActionMask = 2147483647;
			files = (
			);
			runOnlyForDeploymentPostprocessing = 0;
		};
/* End PBXFrameworksBuildPhase section */

/* Begin PBXGroup section */
		FE7A4DE721D49A1700EC632A = {
			isa = PBXGroup;
			children = (
				FE7A4DF221D49A1700EC632A /* Concentration */,
				FE7A4E0721D49A1A00EC632A /* ConcentrationTests */,
				FE7A4E1221D49A1A00EC632A /* ConcentrationUITests */,
				FE7A4DF121D49A1700EC632A /* Products */,
			);
			sourceTree = "<group>";
		};
		FE7A4DF121D49A1700EC632A /* Products */ = {
			isa = PBXGroup;
			children = (
				FE7A4DF021D49A1700EC632A /* Concentration.app */,
				FE7A4E0421D49A1A00EC632A /* ConcentrationTests.xctest */,
				FE7A4E0F21D49A1A00EC632A /* ConcentrationUITests.xctest */,
			);
			name = Products;
			sourceTree = "<group>";
		};
		FE7A4DF221D49A1700EC632A /* Concentration */ = {
			isa = PBXGroup;
			children = (
				FE7A4E2321D49C0C00EC632A /* Supporting files */,
				FE7A4DF521D49A1700EC632A /* ViewController.swift */,
				FE7A4DF721D49A1700EC632A /* Main.storyboard */,
				FE652B3821D5E40C00AA2AAE /* Concentration.swift */,
				FE652B3A21D5E52E00AA2AAE /* Card.swift */,
				FE7A4DFF21D49A1900EC632A /* Info.plist */,
			);
			path = Concentration;
			sourceTree = "<group>";
		};
		FE7A4E0721D49A1A00EC632A /* ConcentrationTests */ = {
			isa = PBXGroup;
			children = (
				FE7A4E0821D49A1A00EC632A /* ConcentrationTests.swift */,
				FE7A4E0A21D49A1A00EC632A /* Info.plist */,
			);
			path = ConcentrationTests;
			sourceTree = "<group>";
		};
		FE7A4E1221D49A1A00EC632A /* ConcentrationUITests */ = {
			isa = PBXGroup;
			children = (
				FE7A4E1321D49A1A00EC632A /* ConcentrationUITests.swift */,
				FE7A4E1521D49A1A00EC632A /* Info.plist */,
			);
			path = ConcentrationUITests;
			sourceTree = "<group>";
		};
		FE7A4E2321D49C0C00EC632A /* Supporting files */ = {
			isa = PBXGroup;
			children = (
				FE7A4DF321D49A1700EC632A /* AppDelegate.swift */,
				FE7A4DFA21D49A1900EC632A /* Assets.xcassets */,
				FE7A4DFC21D49A1900EC632A /* LaunchScreen.storyboard */,
			);
			path = "Supporting files";
			sourceTree = "<group>";
		};
/* End PBXGroup section */

/* Begin PBXNativeTarget section */
		FE7A4DEF21D49A1700EC632A /* Concentration */ = {
			isa = PBXNativeTarget;
			buildConfigurationList = FE7A4E1821D49A1A00EC632A /* Build configuration list for PBXNativeTarget "Concentration" */;
			buildPhases = (
				FE7A4DEC21D49A1700EC632A /* Sources */,
				FE7A4DED21D49A1700EC632A /* Frameworks */,
				FE7A4DEE21D49A1700EC632A /* Resources */,
			);
			buildRules = (
			);
			dependencies = (
			);
			name = Concentration;
			productName = Concentration;
			productReference = FE7A4DF021D49A1700EC632A /* Concentration.app */;
			productType = "com.apple.product-type.application";
		};
		FE7A4E0321D49A1A00EC632A /* ConcentrationTests */ = {
			isa = PBXNativeTarget;
			buildConfigurationList = FE7A4E1B21D49A1A00EC632A /* Build configuration list for PBXNativeTarget "ConcentrationTests" */;
			buildPhases = (
				FE7A4E0021D49A1A00EC632A /* Sources */,
				FE7A4E0121D49A1A00EC632A /* Frameworks */,
				FE7A4E0221D49A1A00EC632A /* Resources */,
			);
			buildRules = (
			);
			dependencies = (
				FE7A4E0621D49A1A00EC632A /* PBXTargetDependency */,
			);
			name = ConcentrationTests;
			productName = ConcentrationTests;
			productReference = FE7A4E0421D49A1A00EC632A /* ConcentrationTests.xctest */;
			productType = "com.apple.product-type.bundle.unit-test";
		};
		FE7A4E0E21D49A1A00EC632A /* ConcentrationUITests */ = {
			isa = PBXNativeTarget;
			buildConfigurationList = FE7A4E1E21D49A1A00EC632A /* Build configuration list for PBXNativeTarget "ConcentrationUITests" */;
			buildPhases = (
				FE7A4E0B21D49A1A00EC632A /* Sources */,
				FE7A4E0C21D49A1A00EC632A /* Frameworks */,
				FE7A4E0D21D49A1A00EC632A /* Resources */,
			);
			buildRules = (
			);
			dependencies = (
				FE7A4E1121D49A1A00EC632A /* PBXTargetDependency */,
			);
			name = ConcentrationUITests;
			productName = ConcentrationUITests;
			productReference = FE7A4E0F21D49A1A00EC632A /* ConcentrationUITests.xctest */;
			productType = "com.apple.product-type.bundle.ui-testing";
		};
/* End PBXNativeTarget section */

/* Begin PBXProject section */
		FE7A4DE821D49A1700EC632A /* Project object */ = {
			isa = PBXProject;
			attributes = {
				LastSwiftUpdateCheck = 1010;
				LastUpgradeCheck = 1010;
				ORGANIZATIONNAME = "Sang won Seo";
				TargetAttributes = {
					FE7A4DEF21D49A1700EC632A = {
						CreatedOnToolsVersion = 10.1;
					};
					FE7A4E0321D49A1A00EC632A = {
						CreatedOnToolsVersion = 10.1;
						TestTargetID = FE7A4DEF21D49A1700EC632A;
					};
					FE7A4E0E21D49A1A00EC632A = {
						CreatedOnToolsVersion = 10.1;
						TestTargetID = FE7A4DEF21D49A1700EC632A;
					};
				};
			};
			buildConfigurationList = FE7A4DEB21D49A1700EC632A /* Build configuration list for PBXProject "Concentration" */;
			compatibilityVersion = "Xcode 9.3";
			developmentRegion = en;
			hasScannedForEncodings = 0;
			knownRegions = (
				en,
				Base,
			);
			mainGroup = FE7A4DE721D49A1700EC632A;
			productRefGroup = FE7A4DF121D49A1700EC632A /* Products */;
			projectDirPath = "";
			projectRoot = "";
			targets = (
				FE7A4DEF21D49A1700EC632A /* Concentration */,
				FE7A4E0321D49A1A00EC632A /* ConcentrationTests */,
				FE7A4E0E21D49A1A00EC632A /* ConcentrationUITests */,
			);
		};
/* End PBXProject section */

/* Begin PBXResourcesBuildPhase section */
		FE7A4DEE21D49A1700EC632A /* Resources */ = {
			isa = PBXResourcesBuildPhase;
			buildActionMask = 2147483647;
			files = (
				FE7A4DFE21D49A1900EC632A /* LaunchScreen.storyboard in Resources */,
				FE7A4DFB21D49A1900EC632A /* Assets.xcassets in Resources */,
				FE7A4DF921D49A1700EC632A /* Main.storyboard in Resources */,
			);
			runOnlyForDeploymentPostprocessing = 0;
		};
		FE7A4E0221D49A1A00EC632A /* Resources */ = {
			isa = PBXResourcesBuildPhase;
			buildActionMask = 2147483647;
			files = (
			);
			runOnlyForDeploymentPostprocessing = 0;
		};
		FE7A4E0D21D49A1A00EC632A /* Resources */ = {
			isa = PBXResourcesBuildPhase;
			buildActionMask = 2147483647;
			files = (
			);
			runOnlyForDeploymentPostprocessing = 0;
		};
/* End PBXResourcesBuildPhase section */

/* Begin PBXSourcesBuildPhase section */
		FE7A4DEC21D49A1700EC632A /* Sources */ = {
			isa = PBXSourcesBuildPhase;
			buildActionMask = 2147483647;
			files = (
				FE7A4DF621D49A1700EC632A /* ViewController.swift in Sources */,
				FE652B3921D5E40C00AA2AAE /* Concentration.swift in Sources */,
				FE7A4DF421D49A1700EC632A /* AppDelegate.swift in Sources */,
				FE652B3B21D5E52E00AA2AAE /* Card.swift in Sources */,
			);
			runOnlyForDeploymentPostprocessing = 0;
		};
		FE7A4E0021D49A1A00EC632A /* Sources */ = {
			isa = PBXSourcesBuildPhase;
			buildActionMask = 2147483647;
			files = (
				FE7A4E0921D49A1A00EC632A /* ConcentrationTests.swift in Sources */,
			);
			runOnlyForDeploymentPostprocessing = 0;
		};
		FE7A4E0B21D49A1A00EC632A /* Sources */ = {
			isa = PBXSourcesBuildPhase;
			buildActionMask = 2147483647;
			files = (
				FE7A4E1421D49A1A00EC632A /* ConcentrationUITests.swift in Sources */,
			);
			runOnlyForDeploymentPostprocessing = 0;
		};
/* End PBXSourcesBuildPhase section */

/* Begin PBXTargetDependency section */
		FE7A4E0621D49A1A00EC632A /* PBXTargetDependency */ = {
			isa = PBXTargetDependency;
			target = FE7A4DEF21D49A1700EC632A /* Concentration */;
			targetProxy = FE7A4E0521D49A1A00EC632A /* PBXContainerItemProxy */;
		};
		FE7A4E1121D49A1A00EC632A /* PBXTargetDependency */ = {
			isa = PBXTargetDependency;
			target = FE7A4DEF21D49A1700EC632A /* Concentration */;
			targetProxy = FE7A4E1021D49A1A00EC632A /* PBXContainerItemProxy */;
		};
/* End PBXTargetDependency section */

/* Begin PBXVariantGroup section */
		FE7A4DF721D49A1700EC632A /* Main.storyboard */ = {
			isa = PBXVariantGroup;
			children = (
				FE7A4DF821D49A1700EC632A /* Base */,
			);
			name = Main.storyboard;
			sourceTree = "<group>";
		};
		FE7A4DFC21D49A1900EC632A /* LaunchScreen.storyboard */ = {
			isa = PBXVariantGroup;
			children = (
				FE7A4DFD21D49A1900EC632A /* Base */,
			);
			name = LaunchScreen.storyboard;
			sourceTree = "<group>";
		};
/* End PBXVariantGroup section */

/* Begin XCBuildConfiguration section */
		FE7A4E1621D49A1A00EC632A /* Debug */ = {
			isa = XCBuildConfiguration;
			buildSettings = {
				ALWAYS_SEARCH_USER_PATHS = NO;
				CLANG_ANALYZER_NONNULL = YES;
				CLANG_ANALYZER_NUMBER_OBJECT_CONVERSION = YES_AGGRESSIVE;
				CLANG_CXX_LANGUAGE_STANDARD = "gnu++14";
				CLANG_CXX_LIBRARY = "libc++";
				CLANG_ENABLE_MODULES = YES;
				CLANG_ENABLE_OBJC_ARC = YES;
				CLANG_ENABLE_OBJC_WEAK = YES;
				CLANG_WARN_BLOCK_CAPTURE_AUTORELEASING = YES;
				CLANG_WARN_BOOL_CONVERSION = YES;
				CLANG_WARN_COMMA = YES;
				CLANG_WARN_CONSTANT_CONVERSION = YES;
				CLANG_WARN_DEPRECATED_OBJC_IMPLEMENTATIONS = YES;
				CLANG_WARN_DIRECT_OBJC_ISA_USAGE = YES_ERROR;
				CLANG_WARN_DOCUMENTATION_COMMENTS = YES;
				CLANG_WARN_EMPTY_BODY = YES;
				CLANG_WARN_ENUM_CONVERSION = YES;
				CLANG_WARN_INFINITE_RECURSION = YES;
				CLANG_WARN_INT_CONVERSION = YES;
				CLANG_WARN_NON_LITERAL_NULL_CONVERSION = YES;
				CLANG_WARN_OBJC_IMPLICIT_RETAIN_SELF = YES;
				CLANG_WARN_OBJC_LITERAL_CONVERSION = YES;
				CLANG_WARN_OBJC_ROOT_CLASS = YES_ERROR;
				CLANG_WARN_RANGE_LOOP_ANALYSIS = YES;
				CLANG_WARN_STRICT_PROTOTYPES = YES;
				CLANG_WARN_SUSPICIOUS_MOVE = YES;
				CLANG_WARN_UNGUARDED_AVAILABILITY = YES_AGGRESSIVE;
				CLANG_WARN_UNREACHABLE_CODE = YES;
				CLANG_WARN__DUPLICATE_METHOD_MATCH = YES;
				CODE_SIGN_IDENTITY = "iPhone Developer";
				COPY_PHASE_STRIP = NO;
				DEBUG_INFORMATION_FORMAT = dwarf;
				ENABLE_STRICT_OBJC_MSGSEND = YES;
				ENABLE_TESTABILITY = YES;
				GCC_C_LANGUAGE_STANDARD = gnu11;
				GCC_DYNAMIC_NO_PIC = NO;
				GCC_NO_COMMON_BLOCKS = YES;
				GCC_OPTIMIZATION_LEVEL = 0;
				GCC_PREPROCESSOR_DEFINITIONS = (
					"DEBUG=1",
					"$(inherited)",
				);
				GCC_WARN_64_TO_32_BIT_CONVERSION = YES;
				GCC_WARN_ABOUT_RETURN_TYPE = YES_ERROR;
				GCC_WARN_UNDECLARED_SELECTOR = YES;
				GCC_WARN_UNINITIALIZED_AUTOS = YES_AGGRESSIVE;
				GCC_WARN_UNUSED_FUNCTION = YES;
				GCC_WARN_UNUSED_VARIABLE = YES;
				IPHONEOS_DEPLOYMENT_TARGET = 12.1;
				MTL_ENABLE_DEBUG_INFO = INCLUDE_SOURCE;
				MTL_FAST_MATH = YES;
				ONLY_ACTIVE_ARCH = YES;
				SDKROOT = iphoneos;
				SWIFT_ACTIVE_COMPILATION_CONDITIONS = DEBUG;
				SWIFT_OPTIMIZATION_LEVEL = "-Onone";
			};
			name = Debug;
		};
		FE7A4E1721D49A1A00EC632A /* Release */ = {
			isa = XCBuildConfiguration;
			buildSettings = {
				ALWAYS_SEARCH_USER_PATHS = NO;
				CLANG_ANALYZER_NONNULL = YES;
				CLANG_ANALYZER_NUMBER_OBJECT_CONVERSION = YES_AGGRESSIVE;
				CLANG_CXX_LANGUAGE_STANDARD = "gnu++14";
				CLANG_CXX_LIBRARY = "libc++";
				CLANG_ENABLE_MODULES = YES;
				CLANG_ENABLE_OBJC_ARC = YES;
				CLANG_ENABLE_OBJC_WEAK = YES;
				CLANG_WARN_BLOCK_CAPTURE_AUTORELEASING = YES;
				CLANG_WARN_BOOL_CONVERSION = YES;
				CLANG_WARN_COMMA = YES;
				CLANG_WARN_CONSTANT_CONVERSION = YES;
				CLANG_WARN_DEPRECATED_OBJC_IMPLEMENTATIONS = YES;
				CLANG_WARN_DIRECT_OBJC_ISA_USAGE = YES_ERROR;
				CLANG_WARN_DOCUMENTATION_COMMENTS = YES;
				CLANG_WARN_EMPTY_BODY = YES;
				CLANG_WARN_ENUM_CONVERSION = YES;
				CLANG_WARN_INFINITE_RECURSION = YES;
				CLANG_WARN_INT_CONVERSION = YES;
				CLANG_WARN_NON_LITERAL_NULL_CONVERSION = YES;
				CLANG_WARN_OBJC_IMPLICIT_RETAIN_SELF = YES;
				CLANG_WARN_OBJC_LITERAL_CONVERSION = YES;
				CLANG_WARN_OBJC_ROOT_CLASS = YES_ERROR;
				CLANG_WARN_RANGE_LOOP_ANALYSIS = YES;
				CLANG_WARN_STRICT_PROTOTYPES = YES;
				CLANG_WARN_SUSPICIOUS_MOVE = YES;
				CLANG_WARN_UNGUARDED_AVAILABILITY = YES_AGGRESSIVE;
				CLANG_WARN_UNREACHABLE_CODE = YES;
				CLANG_WARN__DUPLICATE_METHOD_MATCH = YES;
				CODE_SIGN_IDENTITY = "iPhone Developer";
				COPY_PHASE_STRIP = NO;
				DEBUG_INFORMATION_FORMAT = "dwarf-with-dsym";
				ENABLE_NS_ASSERTIONS = NO;
				ENABLE_STRICT_OBJC_MSGSEND = YES;
				GCC_C_LANGUAGE_STANDARD = gnu11;
				GCC_NO_COMMON_BLOCKS = YES;
				GCC_WARN_64_TO_32_BIT_CONVERSION = YES;
				GCC_WARN_ABOUT_RETURN_TYPE = YES_ERROR;
				GCC_WARN_UNDECLARED_SELECTOR = YES;
				GCC_WARN_UNINITIALIZED_AUTOS = YES_AGGRESSIVE;
				GCC_WARN_UNUSED_FUNCTION = YES;
				GCC_WARN_UNUSED_VARIABLE = YES;
				IPHONEOS_DEPLOYMENT_TARGET = 12.1;
				MTL_ENABLE_DEBUG_INFO = NO;
				MTL_FAST_MATH = YES;
				SDKROOT = iphoneos;
				SWIFT_COMPILATION_MODE = wholemodule;
				SWIFT_OPTIMIZATION_LEVEL = "-O";
				VALIDATE_PRODUCT = YES;
			};
			name = Release;
		};
		FE7A4E1921D49A1A00EC632A /* Debug */ = {
			isa = XCBuildConfiguration;
			buildSettings = {
				ASSETCATALOG_COMPILER_APPICON_NAME = AppIcon;
				CODE_SIGN_STYLE = Automatic;
				DEVELOPMENT_TEAM = BU392JZ299;
				INFOPLIST_FILE = Concentration/Info.plist;
				LD_RUNPATH_SEARCH_PATHS = (
					"$(inherited)",
					"@executable_path/Frameworks",
				);
				PRODUCT_BUNDLE_IDENTIFIER = zhao.Concentration;
				PRODUCT_NAME = "$(TARGET_NAME)";
				SWIFT_VERSION = 4.2;
				TARGETED_DEVICE_FAMILY = "1,2";
			};
			name = Debug;
		};
		FE7A4E1A21D49A1A00EC632A /* Release */ = {
			isa = XCBuildConfiguration;
			buildSettings = {
				ASSETCATALOG_COMPILER_APPICON_NAME = AppIcon;
				CODE_SIGN_STYLE = Automatic;
				DEVELOPMENT_TEAM = BU392JZ299;
				INFOPLIST_FILE = Concentration/Info.plist;
				LD_RUNPATH_SEARCH_PATHS = (
					"$(inherited)",
					"@executable_path/Frameworks",
				);
				PRODUCT_BUNDLE_IDENTIFIER = zhao.Concentration;
				PRODUCT_NAME = "$(TARGET_NAME)";
				SWIFT_VERSION = 4.2;
				TARGETED_DEVICE_FAMILY = "1,2";
			};
			name = Release;
		};
		FE7A4E1C21D49A1A00EC632A /* Debug */ = {
			isa = XCBuildConfiguration;
			buildSettings = {
				ALWAYS_EMBED_SWIFT_STANDARD_LIBRARIES = YES;
				BUNDLE_LOADER = "$(TEST_HOST)";
				CODE_SIGN_STYLE = Automatic;
				DEVELOPMENT_TEAM = BU392JZ299;
				INFOPLIST_FILE = ConcentrationTests/Info.plist;
				LD_RUNPATH_SEARCH_PATHS = (
					"$(inherited)",
					"@executable_path/Frameworks",
					"@loader_path/Frameworks",
				);
				PRODUCT_BUNDLE_IDENTIFIER = zhao.ConcentrationTests;
				PRODUCT_NAME = "$(TARGET_NAME)";
				SWIFT_VERSION = 4.2;
				TARGETED_DEVICE_FAMILY = "1,2";
				TEST_HOST = "$(BUILT_PRODUCTS_DIR)/Concentration.app/Concentration";
			};
			name = Debug;
		};
		FE7A4E1D21D49A1A00EC632A /* Release */ = {
			isa = XCBuildConfiguration;
			buildSettings = {
				ALWAYS_EMBED_SWIFT_STANDARD_LIBRARIES = YES;
				BUNDLE_LOADER = "$(TEST_HOST)";
				CODE_SIGN_STYLE = Automatic;
				DEVELOPMENT_TEAM = BU392JZ299;
				INFOPLIST_FILE = ConcentrationTests/Info.plist;
				LD_RUNPATH_SEARCH_PATHS = (
					"$(inherited)",
					"@executable_path/Frameworks",
					"@loader_path/Frameworks",
				);
				PRODUCT_BUNDLE_IDENTIFIER = zhao.ConcentrationTests;
				PRODUCT_NAME = "$(TARGET_NAME)";
				SWIFT_VERSION = 4.2;
				TARGETED_DEVICE_FAMILY = "1,2";
				TEST_HOST = "$(BUILT_PRODUCTS_DIR)/Concentration.app/Concentration";
			};
			name = Release;
		};
		FE7A4E1F21D49A1A00EC632A /* Debug */ = {
			isa = XCBuildConfiguration;
			buildSettings = {
				ALWAYS_EMBED_SWIFT_STANDARD_LIBRARIES = YES;
				CODE_SIGN_STYLE = Automatic;
				DEVELOPMENT_TEAM = BU392JZ299;
				INFOPLIST_FILE = ConcentrationUITests/Info.plist;
				LD_RUNPATH_SEARCH_PATHS = (
					"$(inherited)",
					"@executable_path/Frameworks",
					"@loader_path/Frameworks",
				);
				PRODUCT_BUNDLE_IDENTIFIER = zhao.ConcentrationUITests;
				PRODUCT_NAME = "$(TARGET_NAME)";
				SWIFT_VERSION = 4.2;
				TARGETED_DEVICE_FAMILY = "1,2";
				TEST_TARGET_NAME = Concentration;
			};
			name = Debug;
		};
		FE7A4E2021D49A1A00EC632A /* Release */ = {
			isa = XCBuildConfiguration;
			buildSettings = {
				ALWAYS_EMBED_SWIFT_STANDARD_LIBRARIES = YES;
				CODE_SIGN_STYLE = Automatic;
				DEVELOPMENT_TEAM = BU392JZ299;
				INFOPLIST_FILE = ConcentrationUITests/Info.plist;
				LD_RUNPATH_SEARCH_PATHS = (
					"$(inherited)",
					"@executable_path/Frameworks",
					"@loader_path/Frameworks",
				);
				PRODUCT_BUNDLE_IDENTIFIER = zhao.ConcentrationUITests;
				PRODUCT_NAME = "$(TARGET_NAME)";
				SWIFT_VERSION = 4.2;
				TARGETED_DEVICE_FAMILY = "1,2";
				TEST_TARGET_NAME = Concentration;
			};
			name = Release;
		};
/* End XCBuildConfiguration section */

/* Begin XCConfigurationList section */
		FE7A4DEB21D49A1700EC632A /* Build configuration list for PBXProject "Concentration" */ = {
			isa = XCConfigurationList;
			buildConfigurations = (
				FE7A4E1621D49A1A00EC632A /* Debug */,
				FE7A4E1721D49A1A00EC632A /* Release */,
			);
			defaultConfigurationIsVisible = 0;
			defaultConfigurationName = Release;
		};
		FE7A4E1821D49A1A00EC632A /* Build configuration list for PBXNativeTarget "Concentration" */ = {
			isa = XCConfigurationList;
			buildConfigurations = (
				FE7A4E1921D49A1A00EC632A /* Debug */,
				FE7A4E1A21D49A1A00EC632A /* Release */,
			);
			defaultConfigurationIsVisible = 0;
			defaultConfigurationName = Release;
		};
		FE7A4E1B21D49A1A00EC632A /* Build configuration list for PBXNativeTarget "ConcentrationTests" */ = {
			isa = XCConfigurationList;
			buildConfigurations = (
				FE7A4E1C21D49A1A00EC632A /* Debug */,
				FE7A4E1D21D49A1A00EC632A /* Release */,
			);
			defaultConfigurationIsVisible = 0;
			defaultConfigurationName = Release;
		};
		FE7A4E1E21D49A1A00EC632A /* Build configuration list for PBXNativeTarget "ConcentrationUITests" */ = {
			isa = XCConfigurationList;
			buildConfigurations = (
				FE7A4E1F21D49A1A00EC632A /* Debug */,
				FE7A4E2021D49A1A00EC632A /* Release */,
			);
			defaultConfigurationIsVisible = 0;
			defaultConfigurationName = Release;
		};
/* End XCConfigurationList section */
	};
	rootObject = FE7A4DE821D49A1700EC632A /* Project object */;
}
